
Microsoft Visual Studio Solution File, Format Version 12.00
# Visual Studio Version 17
VisualStudioVersion = 17.0.31903.59
MinimumVisualStudioVersion = 10.0.40219.1
Project("{FAE04EC0-301F-11D3-BF4B-00C04F79EFBC}") = "Domain", "Domain\Domain.csproj", "{40BFC100-0CCB-43B0-A776-C6B749706E16}"
EndProject
Project("{FAE04EC0-301F-11D3-BF4B-00C04F79EFBC}") = "Application", "Application\Application.csproj", "{F525E7E4-D708-45D7-9700-5657325F4B79}"
EndProject
Project("{FAE04EC0-301F-11D3-BF4B-00C04F79EFBC}") = "Infrastructure", "Infrastructure\Infrastructure.csproj", "{B2934AAA-CDC3-42DB-993A-AF080D95FC6C}"
EndProject
Project("{FAE04EC0-301F-11D3-BF4B-00C04F79EFBC}") = "HangfireJobs", "HangfireJobs\HangfireJobs.csproj", "{8E566240-3A2C-44F5-BF0D-D5B15F882B03}"
EndProject
Project("{FAE04EC0-301F-11D3-BF4B-00C04F79EFBC}") = "WebAPI", "WebAPI\WebAPI.csproj", "{FFE1EA58-8DDF-4138-9322-775D255DEDDD}"
EndProject
Project("{FAE04EC0-301F-11D3-BF4B-00C04F79EFBC}") = "WorkerService", "WorkerService\WorkerService.csproj", "{EAA4E48F-71BB-4AD9-938C-C2151A9E867D}"
EndProject
Global
	GlobalSection(SolutionConfigurationPlatforms) = preSolution
		Debug|Any CPU = Debug|Any CPU
		Debug|x64 = Debug|x64
		Debug|x86 = Debug|x86
		Release|Any CPU = Release|Any CPU
		Release|x64 = Release|x64
		Release|x86 = Release|x86
	EndGlobalSection
	GlobalSection(ProjectConfigurationPlatforms) = postSolution
		{40BFC100-0CCB-43B0-A776-C6B749706E16}.Debug|Any CPU.ActiveCfg = Debug|Any CPU
		{40BFC100-0CCB-43B0-A776-C6B749706E16}.Debug|Any CPU.Build.0 = Debug|Any CPU
		{40BFC100-0CCB-43B0-A776-C6B749706E16}.Debug|x64.ActiveCfg = Debug|Any CPU
		{40BFC100-0CCB-43B0-A776-C6B749706E16}.Debug|x64.Build.0 = Debug|Any CPU
		{40BFC100-0CCB-43B0-A776-C6B749706E16}.Debug|x86.ActiveCfg = Debug|Any CPU
		{40BFC100-0CCB-43B0-A776-C6B749706E16}.Debug|x86.Build.0 = Debug|Any CPU
		{40BFC100-0CCB-43B0-A776-C6B749706E16}.Release|Any CPU.ActiveCfg = Release|Any CPU
		{40BFC100-0CCB-43B0-A776-C6B749706E16}.Release|Any CPU.Build.0 = Release|Any CPU
		{40BFC100-0CCB-43B0-A776-C6B749706E16}.Release|x64.ActiveCfg = Release|Any CPU
		{40BFC100-0CCB-43B0-A776-C6B749706E16}.Release|x64.Build.0 = Release|Any CPU
		{40BFC100-0CCB-43B0-A776-C6B749706E16}.Release|x86.ActiveCfg = Release|Any CPU
		{40BFC100-0CCB-43B0-A776-C6B749706E16}.Release|x86.Build.0 = Release|Any CPU
		{F525E7E4-D708-45D7-9700-5657325F4B79}.Debug|Any CPU.ActiveCfg = Debug|Any CPU
		{F525E7E4-D708-45D7-9700-5657325F4B79}.Debug|Any CPU.Build.0 = Debug|Any CPU
		{F525E7E4-D708-45D7-9700-5657325F4B79}.Debug|x64.ActiveCfg = Debug|Any CPU
		{F525E7E4-D708-45D7-9700-5657325F4B79}.Debug|x64.Build.0 = Debug|Any CPU
		{F525E7E4-D708-45D7-9700-5657325F4B79}.Debug|x86.ActiveCfg = Debug|Any CPU
		{F525E7E4-D708-45D7-9700-5657325F4B79}.Debug|x86.Build.0 = Debug|Any CPU
		{F525E7E4-D708-45D7-9700-5657325F4B79}.Release|Any CPU.ActiveCfg = Release|Any CPU
		{F525E7E4-D708-45D7-9700-5657325F4B79}.Release|Any CPU.Build.0 = Release|Any CPU
		{F525E7E4-D708-45D7-9700-5657325F4B79}.Release|x64.ActiveCfg = Release|Any CPU
		{F525E7E4-D708-45D7-9700-5657325F4B79}.Release|x64.Build.0 = Release|Any CPU
		{F525E7E4-D708-45D7-9700-5657325F4B79}.Release|x86.ActiveCfg = Release|Any CPU
		{F525E7E4-D708-45D7-9700-5657325F4B79}.Release|x86.Build.0 = Release|Any CPU
		{B2934AAA-CDC3-42DB-993A-AF080D95FC6C}.Debug|Any CPU.ActiveCfg = Debug|Any CPU
		{B2934AAA-CDC3-42DB-993A-AF080D95FC6C}.Debug|Any CPU.Build.0 = Debug|Any CPU
		{B2934AAA-CDC3-42DB-993A-AF080D95FC6C}.Debug|x64.ActiveCfg = Debug|Any CPU
		{B2934AAA-CDC3-42DB-993A-AF080D95FC6C}.Debug|x64.Build.0 = Debug|Any CPU
		{B2934AAA-CDC3-42DB-993A-AF080D95FC6C}.Debug|x86.ActiveCfg = Debug|Any CPU
		{B2934AAA-CDC3-42DB-993A-AF080D95FC6C}.Debug|x86.Build.0 = Debug|Any CPU
		{B2934AAA-CDC3-42DB-993A-AF080D95FC6C}.Release|Any CPU.ActiveCfg = Release|Any CPU
		{B2934AAA-CDC3-42DB-993A-AF080D95FC6C}.Release|Any CPU.Build.0 = Release|Any CPU
		{B2934AAA-CDC3-42DB-993A-AF080D95FC6C}.Release|x64.ActiveCfg = Release|Any CPU
		{B2934AAA-CDC3-42DB-993A-AF080D95FC6C}.Release|x64.Build.0 = Release|Any CPU
		{B2934AAA-CDC3-42DB-993A-AF080D95FC6C}.Release|x86.ActiveCfg = Release|Any CPU
		{B2934AAA-CDC3-42DB-993A-AF080D95FC6C}.Release|x86.Build.0 = Release|Any CPU
		{8E566240-3A2C-44F5-BF0D-D5B15F882B03}.Debug|Any CPU.ActiveCfg = Debug|Any CPU
		{8E566240-3A2C-44F5-BF0D-D5B15F882B03}.Debug|Any CPU.Build.0 = Debug|Any CPU
		{8E566240-3A2C-44F5-BF0D-D5B15F882B03}.Debug|x64.ActiveCfg = Debug|Any CPU
		{8E566240-3A2C-44F5-BF0D-D5B15F882B03}.Debug|x64.Build.0 = Debug|Any CPU
		{8E566240-3A2C-44F5-BF0D-D5B15F882B03}.Debug|x86.ActiveCfg = Debug|Any CPU
		{8E566240-3A2C-44F5-BF0D-D5B15F882B03}.Debug|x86.Build.0 = Debug|Any CPU
		{8E566240-3A2C-44F5-BF0D-D5B15F882B03}.Release|Any CPU.ActiveCfg = Release|Any CPU
		{8E566240-3A2C-44F5-BF0D-D5B15F882B03}.Release|Any CPU.Build.0 = Release|Any CPU
		{8E566240-3A2C-44F5-BF0D-D5B15F882B03}.Release|x64.ActiveCfg = Release|Any CPU
		{8E566240-3A2C-44F5-BF0D-D5B15F882B03}.Release|x64.Build.0 = Release|Any CPU
		{8E566240-3A2C-44F5-BF0D-D5B15F882B03}.Release|x86.ActiveCfg = Release|Any CPU
		{8E566240-3A2C-44F5-BF0D-D5B15F882B03}.Release|x86.Build.0 = Release|Any CPU
		{FFE1EA58-8DDF-4138-9322-775D255DEDDD}.Debug|Any CPU.ActiveCfg = Debug|Any CPU
		{FFE1EA58-8DDF-4138-9322-775D255DEDDD}.Debug|Any CPU.Build.0 = Debug|Any CPU
		{FFE1EA58-8DDF-4138-9322-775D255DEDDD}.Debug|x64.ActiveCfg = Debug|Any CPU
		{FFE1EA58-8DDF-4138-9322-775D255DEDDD}.Debug|x64.Build.0 = Debug|Any CPU
		{FFE1EA58-8DDF-4138-9322-775D255DEDDD}.Debug|x86.ActiveCfg = Debug|Any CPU
		{FFE1EA58-8DDF-4138-9322-775D255DEDDD}.Debug|x86.Build.0 = Debug|Any CPU
		{FFE1EA58-8DDF-4138-9322-775D255DEDDD}.Release|Any CPU.ActiveCfg = Release|Any CPU
		{FFE1EA58-8DDF-4138-9322-775D255DEDDD}.Release|Any CPU.Build.0 = Release|Any CPU
		{FFE1EA58-8DDF-4138-9322-775D255DEDDD}.Release|x64.ActiveCfg = Release|Any CPU
		{FFE1EA58-8DDF-4138-9322-775D255DEDDD}.Release|x64.Build.0 = Release|Any CPU
		{FFE1EA58-8DDF-4138-9322-775D255DEDDD}.Release|x86.ActiveCfg = Release|Any CPU
		{FFE1EA58-8DDF-4138-9322-775D255DEDDD}.Release|x86.Build.0 = Release|Any CPU
		{EAA4E48F-71BB-4AD9-938C-C2151A9E867D}.Debug|Any CPU.ActiveCfg = Debug|Any CPU
		{EAA4E48F-71BB-4AD9-938C-C2151A9E867D}.Debug|Any CPU.Build.0 = Debug|Any CPU
		{EAA4E48F-71BB-4AD9-938C-C2151A9E867D}.Debug|x64.ActiveCfg = Debug|Any CPU
		{EAA4E48F-71BB-4AD9-938C-C2151A9E867D}.Debug|x64.Build.0 = Debug|Any CPU
		{EAA4E48F-71BB-4AD9-938C-C2151A9E867D}.Debug|x86.ActiveCfg = Debug|Any CPU
		{EAA4E48F-71BB-4AD9-938C-C2151A9E867D}.Debug|x86.Build.0 = Debug|Any CPU
		{EAA4E48F-71BB-4AD9-938C-C2151A9E867D}.Release|Any CPU.ActiveCfg = Release|Any CPU
		{EAA4E48F-71BB-4AD9-938C-C2151A9E867D}.Release|Any CPU.Build.0 = Release|Any CPU
		{EAA4E48F-71BB-4AD9-938C-C2151A9E867D}.Release|x64.ActiveCfg = Release|Any CPU
		{EAA4E48F-71BB-4AD9-938C-C2151A9E867D}.Release|x64.Build.0 = Release|Any CPU
		{EAA4E48F-71BB-4AD9-938C-C2151A9E867D}.Release|x86.ActiveCfg = Release|Any CPU
		{EAA4E48F-71BB-4AD9-938C-C2151A9E867D}.Release|x86.Build.0 = Release|Any CPU
	EndGlobalSection
	GlobalSection(SolutionProperties) = preSolution
		HideSolutionNode = FALSE
	EndGlobalSection
EndGlobal
